{
  "name": "KY_management_app",
  "lockfileVersion": 3,
  "requires": true,
  "packages": {
    "": {
      "dependencies": {
        "flatpickr": "^4.6.13",
        "signature_pad": "^5.0.3"
      }
    },
    "node_modules/flatpickr": {
      "version": "4.6.13",
      "resolved": "https://registry.npmjs.org/flatpickr/-/flatpickr-4.6.13.tgz",
      "integrity": "sha512-97PMG/aywoYpB4IvbvUJi0RQi8vearvU0oov1WW3k0WZPBMrTQVqekSX5CjSG/M4Q3i6A/0FKXC7RyAoAUUSPw==",
      "license": "MIT"
    },
    "node_modules/signature_pad": {
      "version": "5.0.3",
      "resolved": "https://registry.npmjs.org/signature_pad/-/signature_pad-5.0.3.tgz",
      "integrity": "sha512-z0BScgoPuvKJqd/LZupJZPzt6MO3vXcCjltGyTszdF9Kz6fbWApYIK9n/KHEkjmhHAkyGj0xlnrsJqMmQeAehA==",
      "license": "MIT"
    }
  }
}
