{
  "name": "KY_management_app",
  "lockfileVersion": 3,
  "requires": true,
  "packages": {
    "": {
      "dependencies": {
        "signature_pad": "^5.0.3"
      }
    },
    "node_modules/signature_pad": {
      "version": "5.0.3",
      "resolved": "https://registry.npmjs.org/signature_pad/-/signature_pad-5.0.3.tgz",
      "integrity": "sha512-z0BScgoPuvKJqd/LZupJZPzt6MO3vXcCjltGyTszdF9Kz6fbWApYIK9n/KHEkjmhHAkyGj0xlnrsJqMmQeAehA==",
      "license": "MIT"
    }
  }
}
